
Microsoft Visual Studio Solution File, Format Version 12.00
# Visual Studio Version 17
VisualStudioVersion = 17.0.32112.339
MinimumVisualStudioVersion = 10.0.40219.1
Project("{8BC9CEB8-8B4A-11D0-8D11-00A0C91BC942}") = "Project2", "Project2.vcxproj", "{EF0EDEE4-B313-482F-ACC5-D5A61B73D093}"
EndProject
Global
	GlobalSection(SolutionConfigurationPlatforms) = preSolution
		Debug|x64 = Debug|x64
		Debug|x86 = Debug|x86
		Release|x64 = Release|x64
		Release|x86 = Release|x86
	EndGlobalSection
	GlobalSection(ProjectConfigurationPlatforms) = postSolution
		{EF0EDEE4-B313-482F-ACC5-D5A61B73D093}.Debug|x64.ActiveCfg = Debug|x64
		{EF0EDEE4-B313-482F-ACC5-D5A61B73D093}.Debug|x64.Build.0 = Debug|x64
		{EF0EDEE4-B313-482F-ACC5-D5A61B73D093}.Debug|x86.ActiveCfg = Debug|Win32
		{EF0EDEE4-B313-482F-ACC5-D5A61B73D093}.Debug|x86.Build.0 = Debug|Win32
		{EF0EDEE4-B313-482F-ACC5-D5A61B73D093}.Release|x64.ActiveCfg = Release|x64
		{EF0EDEE4-B313-482F-ACC5-D5A61B73D093}.Release|x64.Build.0 = Release|x64
		{EF0EDEE4-B313-482F-ACC5-D5A61B73D093}.Release|x86.ActiveCfg = Release|Win32
		{EF0EDEE4-B313-482F-ACC5-D5A61B73D093}.Release|x86.Build.0 = Release|Win32
	EndGlobalSection
	GlobalSection(SolutionProperties) = preSolution
		HideSolutionNode = FALSE
	EndGlobalSection
	GlobalSection(ExtensibilityGlobals) = postSolution
		SolutionGuid = {7E0D0FC3-813F-44BE-BB4E-267B8F658D08}
	EndGlobalSection
EndGlobal
